
Microsoft Visual Studio Solution File, Format Version 11.00
# Visual Studio 2010
Project("{8BC9CEB8-8B4A-11D0-8D11-00A0C91BC942}") = "TeknoAVGNL", "TeknoAVGNL\TeknoAVGNL.vcxproj", "{C1264EE0-CCBD-4604-8AC2-EDB03A2260E3}"
EndProject
Project("{8BC9CEB8-8B4A-11D0-8D11-00A0C91BC942}") = "TeknoAVGN", "TeknoAVGN\TeknoAVGN.vcxproj", "{435B40A1-5272-421D-A2B0-4D02CAD3D124}"
EndProject
Global
	GlobalSection(SolutionConfigurationPlatforms) = preSolution
		Debug|Win32 = Debug|Win32
		Release|Win32 = Release|Win32
	EndGlobalSection
	GlobalSection(ProjectConfigurationPlatforms) = postSolution
		{C1264EE0-CCBD-4604-8AC2-EDB03A2260E3}.Debug|Win32.ActiveCfg = Debug|Win32
		{C1264EE0-CCBD-4604-8AC2-EDB03A2260E3}.Debug|Win32.Build.0 = Debug|Win32
		{C1264EE0-CCBD-4604-8AC2-EDB03A2260E3}.Release|Win32.ActiveCfg = Release|Win32
		{C1264EE0-CCBD-4604-8AC2-EDB03A2260E3}.Release|Win32.Build.0 = Release|Win32
		{435B40A1-5272-421D-A2B0-4D02CAD3D124}.Debug|Win32.ActiveCfg = Debug|Win32
		{435B40A1-5272-421D-A2B0-4D02CAD3D124}.Debug|Win32.Build.0 = Debug|Win32
		{435B40A1-5272-421D-A2B0-4D02CAD3D124}.Release|Win32.ActiveCfg = Release|Win32
		{435B40A1-5272-421D-A2B0-4D02CAD3D124}.Release|Win32.Build.0 = Release|Win32
	EndGlobalSection
	GlobalSection(SolutionProperties) = preSolution
		HideSolutionNode = FALSE
	EndGlobalSection
EndGlobal
